
Microsoft Visual Studio Solution File, Format Version 12.00
Project("{FAE04EC0-301F-11D3-BF4B-00C04F79EFBC}") = "Peachpie.Avalonia", "Peachpie.Avalonia\Peachpie.Avalonia.msbuildproj", "{AEB77A97-94FB-4001-9D9F-8CF9019F1BD0}"
EndProject
Project("{FAE04EC0-301F-11D3-BF4B-00C04F79EFBC}") = "Peachpie.Avalonia.Core", "Peachpie.Avalonia.Core\Peachpie.Avalonia.Core.csproj", "{39539F17-A93F-4326-A578-BDD96B3FDC6D}"
EndProject
Project("{FAE04EC0-301F-11D3-BF4B-00C04F79EFBC}") = "Application", "Application\Application.msbuildproj", "{8F70B892-89D7-4196-8EAB-13D1F8F1F671}"
EndProject
Global
	GlobalSection(SolutionConfigurationPlatforms) = preSolution
		Debug|Any CPU = Debug|Any CPU
		Release|Any CPU = Release|Any CPU
	EndGlobalSection
	GlobalSection(ProjectConfigurationPlatforms) = postSolution
		{AEB77A97-94FB-4001-9D9F-8CF9019F1BD0}.Debug|Any CPU.ActiveCfg = Debug|Any CPU
		{AEB77A97-94FB-4001-9D9F-8CF9019F1BD0}.Debug|Any CPU.Build.0 = Debug|Any CPU
		{AEB77A97-94FB-4001-9D9F-8CF9019F1BD0}.Release|Any CPU.ActiveCfg = Release|Any CPU
		{AEB77A97-94FB-4001-9D9F-8CF9019F1BD0}.Release|Any CPU.Build.0 = Release|Any CPU
		{39539F17-A93F-4326-A578-BDD96B3FDC6D}.Debug|Any CPU.ActiveCfg = Debug|Any CPU
		{39539F17-A93F-4326-A578-BDD96B3FDC6D}.Debug|Any CPU.Build.0 = Debug|Any CPU
		{39539F17-A93F-4326-A578-BDD96B3FDC6D}.Release|Any CPU.ActiveCfg = Release|Any CPU
		{39539F17-A93F-4326-A578-BDD96B3FDC6D}.Release|Any CPU.Build.0 = Release|Any CPU
		{8F70B892-89D7-4196-8EAB-13D1F8F1F671}.Debug|Any CPU.ActiveCfg = Debug|Any CPU
		{8F70B892-89D7-4196-8EAB-13D1F8F1F671}.Debug|Any CPU.Build.0 = Debug|Any CPU
		{8F70B892-89D7-4196-8EAB-13D1F8F1F671}.Release|Any CPU.ActiveCfg = Release|Any CPU
		{8F70B892-89D7-4196-8EAB-13D1F8F1F671}.Release|Any CPU.Build.0 = Release|Any CPU
	EndGlobalSection
	GlobalSection(NestedProjects) = preSolution
	EndGlobalSection
EndGlobal
