
Microsoft Visual Studio Solution File, Format Version 12.00
Project("{2150E333-8FDC-42A3-9474-1A3956D46DE8}") = "Samples", "Samples", "{0191F172-8F65-4422-8F60-EF376C117165}"
EndProject
Project("{FAE04EC0-301F-11D3-BF4B-00C04F79EFBC}") = "Application", "Samples\Application\Application.msbuildproj", "{3D0D7BED-9DCA-414F-8322-EE2B5DDFB28F}"
EndProject
Project("{2150E333-8FDC-42A3-9474-1A3956D46DE8}") = "Build", "Build", "{A2F46BD5-2304-4293-99DE-66B6F6DC1E57}"
	ProjectSection(SolutionItems) = preProject
		Directory.Build.props = Directory.Build.props
		nuget.config = nuget.config
	EndProjectSection
EndProject
Project("{FAE04EC0-301F-11D3-BF4B-00C04F79EFBC}") = "MVVM", "Samples\MVVM\MVVM.msbuildproj", "{A37BD3B3-A95D-420F-8B3F-351CB1954383}"
EndProject
Project("{2150E333-8FDC-42A3-9474-1A3956D46DE8}") = "PHP Libraries", "PHP Libraries", "{B22CAE32-C023-4097-8863-974943AEFA9B}"
EndProject
Project("{2150E333-8FDC-42A3-9474-1A3956D46DE8}") = "PeachPie Extension Libraries", "PeachPie Extension Libraries", "{76F04F62-A72F-490A-8806-C5E3B4F18B08}"
EndProject
Project("{FAE04EC0-301F-11D3-BF4B-00C04F79EFBC}") = "Peachpie.Avalonia.Core", "PeachPie Extension Libraries\Peachpie.Avalonia.Core\Peachpie.Avalonia.Core.csproj", "{592C31E9-A053-4E86-BBEC-ED1308D8608B}"
EndProject
Project("{FAE04EC0-301F-11D3-BF4B-00C04F79EFBC}") = "Peachpie.Base.Ext", "PeachPie Extension Libraries\Peachpie.Base.Ext\Peachpie.Base.Ext.csproj", "{1AFE5BD4-74A9-4C56-B45D-EF8757742953}"
EndProject
Project("{FAE04EC0-301F-11D3-BF4B-00C04F79EFBC}") = "Peachpie.Avalonia.Controls", "PHP Libraries\Peachpie.Avalonia.Controls\Peachpie.Avalonia.Controls.msbuildproj", "{533F9D4C-1004-4E59-96FA-9D5B925A7E7B}"
EndProject
Project("{FAE04EC0-301F-11D3-BF4B-00C04F79EFBC}") = "Peachpie.Avalonia", "PHP Libraries\Peachpie.Avalonia\Peachpie.Avalonia.msbuildproj", "{77BB1A20-A66A-4A5E-A59C-1552D6A2F04A}"
EndProject
Project("{FAE04EC0-301F-11D3-BF4B-00C04F79EFBC}") = "PhpSdkSync", "PeachPie Extension Libraries\PhpSdkSync\PhpSdkSync.csproj", "{A2396816-DCE6-4D7E-928B-C81F59ACA5F9}"
EndProject
Project("{FAE04EC0-301F-11D3-BF4B-00C04F79EFBC}") = "ThreadsApp", "Samples\ThreadsApp\ThreadsApp.msbuildproj", "{42BF4031-B5DA-4205-83E8-EC25194201C3}"
EndProject
Project("{FAE04EC0-301F-11D3-BF4B-00C04F79EFBC}") = "AvaloniaClock", "Samples\AvaloniaClock\AvaloniaClock.msbuildproj", "{BE08B8E5-4926-4B2F-9032-ACAD92222103}"
EndProject
Project("{2150E333-8FDC-42A3-9474-1A3956D46DE8}") = "Templates", "Templates", "{7D13EBB2-B5F1-4A2F-95B7-788CAB3148B6}"
EndProject
Project("{FAE04EC0-301F-11D3-BF4B-00C04F79EFBC}") = "Peachpie.Avalonia.Templates", "Templates\Peachpie.Avalonia.Templates\Peachpie.Avalonia.Templates.csproj", "{DDA70C76-00A0-4756-A63D-75A987FCA171}"
EndProject
Global
	GlobalSection(SolutionConfigurationPlatforms) = preSolution
		Debug|Any CPU = Debug|Any CPU
		Release|Any CPU = Release|Any CPU
	EndGlobalSection
	GlobalSection(ProjectConfigurationPlatforms) = postSolution
		{3D0D7BED-9DCA-414F-8322-EE2B5DDFB28F}.Debug|Any CPU.ActiveCfg = Debug|Any CPU
		{3D0D7BED-9DCA-414F-8322-EE2B5DDFB28F}.Debug|Any CPU.Build.0 = Debug|Any CPU
		{3D0D7BED-9DCA-414F-8322-EE2B5DDFB28F}.Release|Any CPU.ActiveCfg = Release|Any CPU
		{3D0D7BED-9DCA-414F-8322-EE2B5DDFB28F}.Release|Any CPU.Build.0 = Release|Any CPU
		{A37BD3B3-A95D-420F-8B3F-351CB1954383}.Debug|Any CPU.ActiveCfg = Debug|Any CPU
		{A37BD3B3-A95D-420F-8B3F-351CB1954383}.Debug|Any CPU.Build.0 = Debug|Any CPU
		{A37BD3B3-A95D-420F-8B3F-351CB1954383}.Release|Any CPU.ActiveCfg = Release|Any CPU
		{A37BD3B3-A95D-420F-8B3F-351CB1954383}.Release|Any CPU.Build.0 = Release|Any CPU
		{592C31E9-A053-4E86-BBEC-ED1308D8608B}.Debug|Any CPU.ActiveCfg = Debug|Any CPU
		{592C31E9-A053-4E86-BBEC-ED1308D8608B}.Debug|Any CPU.Build.0 = Debug|Any CPU
		{592C31E9-A053-4E86-BBEC-ED1308D8608B}.Release|Any CPU.ActiveCfg = Release|Any CPU
		{592C31E9-A053-4E86-BBEC-ED1308D8608B}.Release|Any CPU.Build.0 = Release|Any CPU
		{1AFE5BD4-74A9-4C56-B45D-EF8757742953}.Debug|Any CPU.ActiveCfg = Debug|Any CPU
		{1AFE5BD4-74A9-4C56-B45D-EF8757742953}.Debug|Any CPU.Build.0 = Debug|Any CPU
		{1AFE5BD4-74A9-4C56-B45D-EF8757742953}.Release|Any CPU.ActiveCfg = Release|Any CPU
		{1AFE5BD4-74A9-4C56-B45D-EF8757742953}.Release|Any CPU.Build.0 = Release|Any CPU
		{533F9D4C-1004-4E59-96FA-9D5B925A7E7B}.Debug|Any CPU.ActiveCfg = Debug|Any CPU
		{533F9D4C-1004-4E59-96FA-9D5B925A7E7B}.Debug|Any CPU.Build.0 = Debug|Any CPU
		{533F9D4C-1004-4E59-96FA-9D5B925A7E7B}.Release|Any CPU.ActiveCfg = Release|Any CPU
		{533F9D4C-1004-4E59-96FA-9D5B925A7E7B}.Release|Any CPU.Build.0 = Release|Any CPU
		{77BB1A20-A66A-4A5E-A59C-1552D6A2F04A}.Debug|Any CPU.ActiveCfg = Debug|Any CPU
		{77BB1A20-A66A-4A5E-A59C-1552D6A2F04A}.Debug|Any CPU.Build.0 = Debug|Any CPU
		{77BB1A20-A66A-4A5E-A59C-1552D6A2F04A}.Release|Any CPU.ActiveCfg = Release|Any CPU
		{77BB1A20-A66A-4A5E-A59C-1552D6A2F04A}.Release|Any CPU.Build.0 = Release|Any CPU
		{A2396816-DCE6-4D7E-928B-C81F59ACA5F9}.Debug|Any CPU.ActiveCfg = Debug|Any CPU
		{A2396816-DCE6-4D7E-928B-C81F59ACA5F9}.Debug|Any CPU.Build.0 = Debug|Any CPU
		{A2396816-DCE6-4D7E-928B-C81F59ACA5F9}.Release|Any CPU.ActiveCfg = Release|Any CPU
		{A2396816-DCE6-4D7E-928B-C81F59ACA5F9}.Release|Any CPU.Build.0 = Release|Any CPU
		{42BF4031-B5DA-4205-83E8-EC25194201C3}.Debug|Any CPU.ActiveCfg = Debug|Any CPU
		{42BF4031-B5DA-4205-83E8-EC25194201C3}.Debug|Any CPU.Build.0 = Debug|Any CPU
		{42BF4031-B5DA-4205-83E8-EC25194201C3}.Release|Any CPU.ActiveCfg = Release|Any CPU
		{42BF4031-B5DA-4205-83E8-EC25194201C3}.Release|Any CPU.Build.0 = Release|Any CPU
		{BE08B8E5-4926-4B2F-9032-ACAD92222103}.Debug|Any CPU.ActiveCfg = Debug|Any CPU
		{BE08B8E5-4926-4B2F-9032-ACAD92222103}.Debug|Any CPU.Build.0 = Debug|Any CPU
		{BE08B8E5-4926-4B2F-9032-ACAD92222103}.Release|Any CPU.ActiveCfg = Release|Any CPU
		{BE08B8E5-4926-4B2F-9032-ACAD92222103}.Release|Any CPU.Build.0 = Release|Any CPU
		{DDA70C76-00A0-4756-A63D-75A987FCA171}.Debug|Any CPU.ActiveCfg = Debug|Any CPU
		{DDA70C76-00A0-4756-A63D-75A987FCA171}.Debug|Any CPU.Build.0 = Debug|Any CPU
		{DDA70C76-00A0-4756-A63D-75A987FCA171}.Release|Any CPU.ActiveCfg = Release|Any CPU
		{DDA70C76-00A0-4756-A63D-75A987FCA171}.Release|Any CPU.Build.0 = Release|Any CPU
	EndGlobalSection
	GlobalSection(NestedProjects) = preSolution
		{3D0D7BED-9DCA-414F-8322-EE2B5DDFB28F} = {0191F172-8F65-4422-8F60-EF376C117165}
		{A37BD3B3-A95D-420F-8B3F-351CB1954383} = {0191F172-8F65-4422-8F60-EF376C117165}
		{592C31E9-A053-4E86-BBEC-ED1308D8608B} = {76F04F62-A72F-490A-8806-C5E3B4F18B08}
		{1AFE5BD4-74A9-4C56-B45D-EF8757742953} = {76F04F62-A72F-490A-8806-C5E3B4F18B08}
		{533F9D4C-1004-4E59-96FA-9D5B925A7E7B} = {B22CAE32-C023-4097-8863-974943AEFA9B}
		{77BB1A20-A66A-4A5E-A59C-1552D6A2F04A} = {B22CAE32-C023-4097-8863-974943AEFA9B}
		{A2396816-DCE6-4D7E-928B-C81F59ACA5F9} = {76F04F62-A72F-490A-8806-C5E3B4F18B08}
		{42BF4031-B5DA-4205-83E8-EC25194201C3} = {0191F172-8F65-4422-8F60-EF376C117165}
		{BE08B8E5-4926-4B2F-9032-ACAD92222103} = {0191F172-8F65-4422-8F60-EF376C117165}
		{DDA70C76-00A0-4756-A63D-75A987FCA171} = {7D13EBB2-B5F1-4A2F-95B7-788CAB3148B6}
	EndGlobalSection
EndGlobal
